// !$*UTF8*$!
{
	archiveVersion = 1;
	classes = {
	};
	objectVersion = 46;
	objects = {

/* Begin PBXBuildFile section */
		04126BA21C61CB9800245B70 /* LoginViewController.m in Sources */ = {isa = PBXBuildFile; fileRef = 04126BA11C61CB9800245B70 /* LoginViewController.m */; };
		04126BA51C61CBA800245B70 /* RegisterViewController.m in Sources */ = {isa = PBXBuildFile; fileRef = 04126BA41C61CBA800245B70 /* RegisterViewController.m */; };
		04126BA81C61CDF200245B70 /* WWTextField.m in Sources */ = {isa = PBXBuildFile; fileRef = 04126BA71C61CDF200245B70 /* WWTextField.m */; };
		04126BDF1C61D81000245B70 /* MBProgressHUD.m in Sources */ = {isa = PBXBuildFile; fileRef = 04126BAB1C61D81000245B70 /* MBProgressHUD.m */; };
		04126BE01C61D81000245B70 /* MJRefresh.bundle in Resources */ = {isa = PBXBuildFile; fileRef = 04126BAD1C61D81000245B70 /* MJRefresh.bundle */; };
		04126BE11C61D81000245B70 /* MJRefreshBaseView.m in Sources */ = {isa = PBXBuildFile; fileRef = 04126BB01C61D81000245B70 /* MJRefreshBaseView.m */; };
		04126BE21C61D81000245B70 /* MJRefreshConst.m in Sources */ = {isa = PBXBuildFile; fileRef = 04126BB21C61D81000245B70 /* MJRefreshConst.m */; };
		04126BE31C61D81000245B70 /* MJRefreshFooterView.m in Sources */ = {isa = PBXBuildFile; fileRef = 04126BB41C61D81000245B70 /* MJRefreshFooterView.m */; };
		04126BE41C61D81000245B70 /* MJRefreshHeaderView.m in Sources */ = {isa = PBXBuildFile; fileRef = 04126BB61C61D81000245B70 /* MJRefreshHeaderView.m */; };
		04126BE51C61D81000245B70 /* UIScrollView+MJExtension.m in Sources */ = {isa = PBXBuildFile; fileRef = 04126BB81C61D81000245B70 /* UIScrollView+MJExtension.m */; };
		04126BE61C61D81000245B70 /* UIScrollView+MJRefresh.m in Sources */ = {isa = PBXBuildFile; fileRef = 04126BBA1C61D81000245B70 /* UIScrollView+MJRefresh.m */; };
		04126BE71C61D81000245B70 /* UIView+MJExtension.m in Sources */ = {isa = PBXBuildFile; fileRef = 04126BBC1C61D81000245B70 /* UIView+MJExtension.m */; };
		04126BE81C61D81000245B70 /* MKAnnotationView+WebCache.m in Sources */ = {isa = PBXBuildFile; fileRef = 04126BBF1C61D81000245B70 /* MKAnnotationView+WebCache.m */; };
		04126BE91C61D81000245B70 /* NSData+ImageContentType.m in Sources */ = {isa = PBXBuildFile; fileRef = 04126BC11C61D81000245B70 /* NSData+ImageContentType.m */; };
		04126BEA1C61D81000245B70 /* SDImageCache.m in Sources */ = {isa = PBXBuildFile; fileRef = 04126BC31C61D81000245B70 /* SDImageCache.m */; };
		04126BEB1C61D81000245B70 /* SDWebImageCompat.m in Sources */ = {isa = PBXBuildFile; fileRef = 04126BC51C61D81000245B70 /* SDWebImageCompat.m */; };
		04126BEC1C61D81000245B70 /* SDWebImageDecoder.m in Sources */ = {isa = PBXBuildFile; fileRef = 04126BC71C61D81000245B70 /* SDWebImageDecoder.m */; };
		04126BED1C61D81000245B70 /* SDWebImageDownloader.m in Sources */ = {isa = PBXBuildFile; fileRef = 04126BC91C61D81000245B70 /* SDWebImageDownloader.m */; };
		04126BEE1C61D81000245B70 /* SDWebImageDownloaderOperation.m in Sources */ = {isa = PBXBuildFile; fileRef = 04126BCB1C61D81000245B70 /* SDWebImageDownloaderOperation.m */; };
		04126BEF1C61D81000245B70 /* SDWebImageManager.m in Sources */ = {isa = PBXBuildFile; fileRef = 04126BCD1C61D81000245B70 /* SDWebImageManager.m */; };
		04126BF01C61D81000245B70 /* SDWebImagePrefetcher.m in Sources */ = {isa = PBXBuildFile; fileRef = 04126BD01C61D81000245B70 /* SDWebImagePrefetcher.m */; };
		04126BF11C61D81000245B70 /* UIButton+WebCache.m in Sources */ = {isa = PBXBuildFile; fileRef = 04126BD21C61D81000245B70 /* UIButton+WebCache.m */; };
		04126BF21C61D81000245B70 /* UIImage+GIF.m in Sources */ = {isa = PBXBuildFile; fileRef = 04126BD41C61D81000245B70 /* UIImage+GIF.m */; };
		04126BF31C61D81000245B70 /* UIImage+MultiFormat.m in Sources */ = {isa = PBXBuildFile; fileRef = 04126BD61C61D81000245B70 /* UIImage+MultiFormat.m */; };
		04126BF41C61D81000245B70 /* UIImage+WebP.m in Sources */ = {isa = PBXBuildFile; fileRef = 04126BD81C61D81000245B70 /* UIImage+WebP.m */; };
		04126BF51C61D81000245B70 /* UIImageView+HighlightedWebCache.m in Sources */ = {isa = PBXBuildFile; fileRef = 04126BDA1C61D81000245B70 /* UIImageView+HighlightedWebCache.m */; };
		04126BF61C61D81000245B70 /* UIImageView+WebCache.m in Sources */ = {isa = PBXBuildFile; fileRef = 04126BDC1C61D81000245B70 /* UIImageView+WebCache.m */; };
		04126BF71C61D81000245B70 /* UIView+WebCacheOperation.m in Sources */ = {isa = PBXBuildFile; fileRef = 04126BDE1C61D81000245B70 /* UIView+WebCacheOperation.m */; };
		04AAD9A61C604FE6005A0C41 /* AFAutoPurgingImageCache.m in Sources */ = {isa = PBXBuildFile; fileRef = 04AAD9861C604FE6005A0C41 /* AFAutoPurgingImageCache.m */; };
		04AAD9A71C604FE6005A0C41 /* AFHTTPSessionManager.m in Sources */ = {isa = PBXBuildFile; fileRef = 04AAD9881C604FE6005A0C41 /* AFHTTPSessionManager.m */; };
		04AAD9A81C604FE6005A0C41 /* AFImageDownloader.m in Sources */ = {isa = PBXBuildFile; fileRef = 04AAD98A1C604FE6005A0C41 /* AFImageDownloader.m */; };
		04AAD9A91C604FE6005A0C41 /* AFNetworkActivityIndicatorManager.m in Sources */ = {isa = PBXBuildFile; fileRef = 04AAD98C1C604FE6005A0C41 /* AFNetworkActivityIndicatorManager.m */; };
		04AAD9AA1C604FE6005A0C41 /* AFNetworkReachabilityManager.m in Sources */ = {isa = PBXBuildFile; fileRef = 04AAD98F1C604FE6005A0C41 /* AFNetworkReachabilityManager.m */; };
		04AAD9AB1C604FE6005A0C41 /* AFSecurityPolicy.m in Sources */ = {isa = PBXBuildFile; fileRef = 04AAD9911C604FE6005A0C41 /* AFSecurityPolicy.m */; };
		04AAD9AC1C604FE6005A0C41 /* AFURLRequestSerialization.m in Sources */ = {isa = PBXBuildFile; fileRef = 04AAD9931C604FE6005A0C41 /* AFURLRequestSerialization.m */; };
		04AAD9AD1C604FE6005A0C41 /* AFURLResponseSerialization.m in Sources */ = {isa = PBXBuildFile; fileRef = 04AAD9951C604FE6005A0C41 /* AFURLResponseSerialization.m */; };
		04AAD9AE1C604FE6005A0C41 /* AFURLSessionManager.m in Sources */ = {isa = PBXBuildFile; fileRef = 04AAD9971C604FE6005A0C41 /* AFURLSessionManager.m */; };
		04AAD9AF1C604FE6005A0C41 /* UIActivityIndicatorView+AFNetworking.m in Sources */ = {isa = PBXBuildFile; fileRef = 04AAD9991C604FE6005A0C41 /* UIActivityIndicatorView+AFNetworking.m */; };
		04AAD9B01C604FE6005A0C41 /* UIButton+AFNetworking.m in Sources */ = {isa = PBXBuildFile; fileRef = 04AAD99B1C604FE6005A0C41 /* UIButton+AFNetworking.m */; };
		04AAD9B11C604FE6005A0C41 /* UIImageView+AFNetworking.m in Sources */ = {isa = PBXBuildFile; fileRef = 04AAD99E1C604FE6005A0C41 /* UIImageView+AFNetworking.m */; };
		04AAD9B21C604FE6005A0C41 /* UIProgressView+AFNetworking.m in Sources */ = {isa = PBXBuildFile; fileRef = 04AAD9A11C604FE6005A0C41 /* UIProgressView+AFNetworking.m */; };
		04AAD9B31C604FE6005A0C41 /* UIRefreshControl+AFNetworking.m in Sources */ = {isa = PBXBuildFile; fileRef = 04AAD9A31C604FE6005A0C41 /* UIRefreshControl+AFNetworking.m */; };
		04AAD9B41C604FE6005A0C41 /* UIWebView+AFNetworking.m in Sources */ = {isa = PBXBuildFile; fileRef = 04AAD9A51C604FE6005A0C41 /* UIWebView+AFNetworking.m */; };
		04AAD9B71C608F67005A0C41 /* AboutViewController.m in Sources */ = {isa = PBXBuildFile; fileRef = 04AAD9B61C608F67005A0C41 /* AboutViewController.m */; };
		04AAD9BA1C608F76005A0C41 /* HostSettingViewController.m in Sources */ = {isa = PBXBuildFile; fileRef = 04AAD9B91C608F76005A0C41 /* HostSettingViewController.m */; };
		04AAD9BD1C608F9A005A0C41 /* PlayRecordViewController.m in Sources */ = {isa = PBXBuildFile; fileRef = 04AAD9BC1C608F9A005A0C41 /* PlayRecordViewController.m */; };
		04AAD9C01C608FB7005A0C41 /* MyCollectionViewController.m in Sources */ = {isa = PBXBuildFile; fileRef = 04AAD9BF1C608FB7005A0C41 /* MyCollectionViewController.m */; };
		2C3987A81C5F0B6600BD64EC /* RootTabBarViewController.m in Sources */ = {isa = PBXBuildFile; fileRef = 2C3987A71C5F0B6600BD64EC /* RootTabBarViewController.m */; };
		2C3987AB1C5F0C2B00BD64EC /* HYZViewController.m in Sources */ = {isa = PBXBuildFile; fileRef = 2C3987AA1C5F0C2B00BD64EC /* HYZViewController.m */; };
		2C3987B11C5F0DFC00BD64EC /* MainNewsViewController.m in Sources */ = {isa = PBXBuildFile; fileRef = 2C3987B01C5F0DFC00BD64EC /* MainNewsViewController.m */; };
		2C3987B41C5F0E1E00BD64EC /* MainWebcastViewController.m in Sources */ = {isa = PBXBuildFile; fileRef = 2C3987B31C5F0E1E00BD64EC /* MainWebcastViewController.m */; };
		2C3987B71C5F0E3000BD64EC /* MainSettingViewController.m in Sources */ = {isa = PBXBuildFile; fileRef = 2C3987B61C5F0E3000BD64EC /* MainSettingViewController.m */; };
		2C3987BA1C5F106600BD64EC /* HYZ+Color.m in Sources */ = {isa = PBXBuildFile; fileRef = 2C3987B91C5F106600BD64EC /* HYZ+Color.m */; };
		2C3987C71C5F491500BD64EC /* MainCollectionReusableView.m in Sources */ = {isa = PBXBuildFile; fileRef = 2C3987C61C5F491500BD64EC /* MainCollectionReusableView.m */; };
		2C3987CA1C5F4B9200BD64EC /* MainCollectionViewCell.m in Sources */ = {isa = PBXBuildFile; fileRef = 2C3987C91C5F4B9200BD64EC /* MainCollectionViewCell.m */; };
		2CC976D61C5F015900D4C1D9 /* main.m in Sources */ = {isa = PBXBuildFile; fileRef = 2CC976D51C5F015900D4C1D9 /* main.m */; };
		2CC976D91C5F015900D4C1D9 /* AppDelegate.m in Sources */ = {isa = PBXBuildFile; fileRef = 2CC976D81C5F015900D4C1D9 /* AppDelegate.m */; };
		2CC976E11C5F015900D4C1D9 /* Assets.xcassets in Resources */ = {isa = PBXBuildFile; fileRef = 2CC976E01C5F015900D4C1D9 /* Assets.xcassets */; };
		2CC976E41C5F015900D4C1D9 /* LaunchScreen.storyboard in Resources */ = {isa = PBXBuildFile; fileRef = 2CC976E21C5F015900D4C1D9 /* LaunchScreen.storyboard */; };
		2CC976EF1C5F015900D4C1D9 /* YouKeTests.m in Sources */ = {isa = PBXBuildFile; fileRef = 2CC976EE1C5F015900D4C1D9 /* YouKeTests.m */; };
		2CC976FA1C5F015900D4C1D9 /* YouKeUITests.m in Sources */ = {isa = PBXBuildFile; fileRef = 2CC976F91C5F015900D4C1D9 /* YouKeUITests.m */; };
		9067A18F1CB263E3003BB7B4 /* BaseHelper.m in Sources */ = {isa = PBXBuildFile; fileRef = 9067A18E1CB263E3003BB7B4 /* BaseHelper.m */; };
		90B0C2EA1CB2963000EEF4F0 /* MainWebcastStruct.m in Sources */ = {isa = PBXBuildFile; fileRef = 90B0C2E91CB2963000EEF4F0 /* MainWebcastStruct.m */; };
		A8D5F77C1C605459009F6FB8 /* MainViewController.m in Sources */ = {isa = PBXBuildFile; fileRef = A8D5F77B1C605459009F6FB8 /* MainViewController.m */; };
		A8D5F77F1C60547F009F6FB8 /* MainCollectionImageCell.m in Sources */ = {isa = PBXBuildFile; fileRef = A8D5F77E1C60547F009F6FB8 /* MainCollectionImageCell.m */; };
		A8D5F7821C607A3A009F6FB8 /* MainNewsCell.m in Sources */ = {isa = PBXBuildFile; fileRef = A8D5F7811C607A3A009F6FB8 /* MainNewsCell.m */; };
		A8D5F7851C6084DA009F6FB8 /* CourseListViewController.m in Sources */ = {isa = PBXBuildFile; fileRef = A8D5F7841C6084DA009F6FB8 /* CourseListViewController.m */; };
		CFD866121CB2579C00D3F1E8 /* MD5.m in Sources */ = {isa = PBXBuildFile; fileRef = CFD866111CB2579C00D3F1E8 /* MD5.m */; };
		CFD866541CB2AEBD00D3F1E8 /* WebViewController.m in Sources */ = {isa = PBXBuildFile; fileRef = CFD866531CB2AEBD00D3F1E8 /* WebViewController.m */; };
		CFF9A9B91C5F85410072FBA8 /* MainMenuView.m in Sources */ = {isa = PBXBuildFile; fileRef = CFF9A9B81C5F85410072FBA8 /* MainMenuView.m */; };
		CFF9A9BD1C5F85660072FBA8 /* TitleCollectionCell.m in Sources */ = {isa = PBXBuildFile; fileRef = CFF9A9BB1C5F85660072FBA8 /* TitleCollectionCell.m */; };
		CFF9A9BE1C5F85660072FBA8 /* TitleCollectionCell.xib in Resources */ = {isa = PBXBuildFile; fileRef = CFF9A9BC1C5F85660072FBA8 /* TitleCollectionCell.xib */; };
/* End PBXBuildFile section */

/* Begin PBXContainerItemProxy section */
		2CC976EB1C5F015900D4C1D9 /* PBXContainerItemProxy */ = {
			isa = PBXContainerItemProxy;
			containerPortal = 2CC976C91C5F015800D4C1D9 /* Project object */;
			proxyType = 1;
			remoteGlobalIDString = 2CC976D01C5F015900D4C1D9;
			remoteInfo = YouKe;
		};
		2CC976F61C5F015900D4C1D9 /* PBXContainerItemProxy */ = {
			isa = PBXContainerItemProxy;
			containerPortal = 2CC976C91C5F015800D4C1D9 /* Project object */;
			proxyType = 1;
			remoteGlobalIDString = 2CC976D01C5F015900D4C1D9;
			remoteInfo = YouKe;
		};
/* End PBXContainerItemProxy section */

/* Begin PBXFileReference section */
		04126BA01C61CB9800245B70 /* LoginViewController.h */ = {isa = PBXFileReference; fileEncoding = 4; lastKnownFileType = sourcecode.c.h; path = LoginViewController.h; sourceTree = "<group>"; };
		04126BA11C61CB9800245B70 /* LoginViewController.m */ = {isa = PBXFileReference; fileEncoding = 4; lastKnownFileType = sourcecode.c.objc; path = LoginViewController.m; sourceTree = "<group>"; };
		04126BA31C61CBA800245B70 /* RegisterViewController.h */ = {isa = PBXFileReference; fileEncoding = 4; lastKnownFileType = sourcecode.c.h; path = RegisterViewController.h; sourceTree = "<group>"; };
		04126BA41C61CBA800245B70 /* RegisterViewController.m */ = {isa = PBXFileReference; fileEncoding = 4; lastKnownFileType = sourcecode.c.objc; path = RegisterViewController.m; sourceTree = "<group>"; };
		04126BA61C61CDF200245B70 /* WWTextField.h */ = {isa = PBXFileReference; fileEncoding = 4; lastKnownFileType = sourcecode.c.h; path = WWTextField.h; sourceTree = "<group>"; };
		04126BA71C61CDF200245B70 /* WWTextField.m */ = {isa = PBXFileReference; fileEncoding = 4; lastKnownFileType = sourcecode.c.objc; path = WWTextField.m; sourceTree = "<group>"; };
		04126BAA1C61D81000245B70 /* MBProgressHUD.h */ = {isa = PBXFileReference; fileEncoding = 4; lastKnownFileType = sourcecode.c.h; path = MBProgressHUD.h; sourceTree = "<group>"; };
		04126BAB1C61D81000245B70 /* MBProgressHUD.m */ = {isa = PBXFileReference; fileEncoding = 4; lastKnownFileType = sourcecode.c.objc; path = MBProgressHUD.m; sourceTree = "<group>"; };
		04126BAD1C61D81000245B70 /* MJRefresh.bundle */ = {isa = PBXFileReference; lastKnownFileType = "wrapper.plug-in"; path = MJRefresh.bundle; sourceTree = "<group>"; };
		04126BAE1C61D81000245B70 /* MJRefresh.h */ = {isa = PBXFileReference; fileEncoding = 4; lastKnownFileType = sourcecode.c.h; path = MJRefresh.h; sourceTree = "<group>"; };
		04126BAF1C61D81000245B70 /* MJRefreshBaseView.h */ = {isa = PBXFileReference; fileEncoding = 4; lastKnownFileType = sourcecode.c.h; path = MJRefreshBaseView.h; sourceTree = "<group>"; };
		04126BB01C61D81000245B70 /* MJRefreshBaseView.m */ = {isa = PBXFileReference; fileEncoding = 4; lastKnownFileType = sourcecode.c.objc; path = MJRefreshBaseView.m; sourceTree = "<group>"; };
		04126BB11C61D81000245B70 /* MJRefreshConst.h */ = {isa = PBXFileReference; fileEncoding = 4; lastKnownFileType = sourcecode.c.h; path = MJRefreshConst.h; sourceTree = "<group>"; };
		04126BB21C61D81000245B70 /* MJRefreshConst.m */ = {isa = PBXFileReference; fileEncoding = 4; lastKnownFileType = sourcecode.c.objc; path = MJRefreshConst.m; sourceTree = "<group>"; };
		04126BB31C61D81000245B70 /* MJRefreshFooterView.h */ = {isa = PBXFileReference; fileEncoding = 4; lastKnownFileType = sourcecode.c.h; path = MJRefreshFooterView.h; sourceTree = "<group>"; };
		04126BB41C61D81000245B70 /* MJRefreshFooterView.m */ = {isa = PBXFileReference; fileEncoding = 4; lastKnownFileType = sourcecode.c.objc; path = MJRefreshFooterView.m; sourceTree = "<group>"; };
		04126BB51C61D81000245B70 /* MJRefreshHeaderView.h */ = {isa = PBXFileReference; fileEncoding = 4; lastKnownFileType = sourcecode.c.h; path = MJRefreshHeaderView.h; sourceTree = "<group>"; };
		04126BB61C61D81000245B70 /* MJRefreshHeaderView.m */ = {isa = PBXFileReference; fileEncoding = 4; lastKnownFileType = sourcecode.c.objc; path = MJRefreshHeaderView.m; sourceTree = "<group>"; };
		04126BB71C61D81000245B70 /* UIScrollView+MJExtension.h */ = {isa = PBXFileReference; fileEncoding = 4; lastKnownFileType = sourcecode.c.h; path = "UIScrollView+MJExtension.h"; sourceTree = "<group>"; };
		04126BB81C61D81000245B70 /* UIScrollView+MJExtension.m */ = {isa = PBXFileReference; fileEncoding = 4; lastKnownFileType = sourcecode.c.objc; path = "UIScrollView+MJExtension.m"; sourceTree = "<group>"; };
		04126BB91C61D81000245B70 /* UIScrollView+MJRefresh.h */ = {isa = PBXFileReference; fileEncoding = 4; lastKnownFileType = sourcecode.c.h; path = "UIScrollView+MJRefresh.h"; sourceTree = "<group>"; };
		04126BBA1C61D81000245B70 /* UIScrollView+MJRefresh.m */ = {isa = PBXFileReference; fileEncoding = 4; lastKnownFileType = sourcecode.c.objc; path = "UIScrollView+MJRefresh.m"; sourceTree = "<group>"; };
		04126BBB1C61D81000245B70 /* UIView+MJExtension.h */ = {isa = PBXFileReference; fileEncoding = 4; lastKnownFileType = sourcecode.c.h; path = "UIView+MJExtension.h"; sourceTree = "<group>"; };
		04126BBC1C61D81000245B70 /* UIView+MJExtension.m */ = {isa = PBXFileReference; fileEncoding = 4; lastKnownFileType = sourcecode.c.objc; path = "UIView+MJExtension.m"; sourceTree = "<group>"; };
		04126BBE1C61D81000245B70 /* MKAnnotationView+WebCache.h */ = {isa = PBXFileReference; fileEncoding = 4; lastKnownFileType = sourcecode.c.h; path = "MKAnnotationView+WebCache.h"; sourceTree = "<group>"; };
		04126BBF1C61D81000245B70 /* MKAnnotationView+WebCache.m */ = {isa = PBXFileReference; fileEncoding = 4; lastKnownFileType = sourcecode.c.objc; path = "MKAnnotationView+WebCache.m"; sourceTree = "<group>"; };
		04126BC01C61D81000245B70 /* NSData+ImageContentType.h */ = {isa = PBXFileReference; fileEncoding = 4; lastKnownFileType = sourcecode.c.h; path = "NSData+ImageContentType.h"; sourceTree = "<group>"; };
		04126BC11C61D81000245B70 /* NSData+ImageContentType.m */ = {isa = PBXFileReference; fileEncoding = 4; lastKnownFileType = sourcecode.c.objc; path = "NSData+ImageContentType.m"; sourceTree = "<group>"; };
		04126BC21C61D81000245B70 /* SDImageCache.h */ = {isa = PBXFileReference; fileEncoding = 4; lastKnownFileType = sourcecode.c.h; path = SDImageCache.h; sourceTree = "<group>"; };
		04126BC31C61D81000245B70 /* SDImageCache.m */ = {isa = PBXFileReference; fileEncoding = 4; lastKnownFileType = sourcecode.c.objc; path = SDImageCache.m; sourceTree = "<group>"; };
		04126BC41C61D81000245B70 /* SDWebImageCompat.h */ = {isa = PBXFileReference; fileEncoding = 4; lastKnownFileType = sourcecode.c.h; path = SDWebImageCompat.h; sourceTree = "<group>"; };
		04126BC51C61D81000245B70 /* SDWebImageCompat.m */ = {isa = PBXFileReference; fileEncoding = 4; lastKnownFileType = sourcecode.c.objc; path = SDWebImageCompat.m; sourceTree = "<group>"; };
		04126BC61C61D81000245B70 /* SDWebImageDecoder.h */ = {isa = PBXFileReference; fileEncoding = 4; lastKnownFileType = sourcecode.c.h; path = SDWebImageDecoder.h; sourceTree = "<group>"; };
		04126BC71C61D81000245B70 /* SDWebImageDecoder.m */ = {isa = PBXFileReference; fileEncoding = 4; lastKnownFileType = sourcecode.c.objc; path = SDWebImageDecoder.m; sourceTree = "<group>"; };
		04126BC81C61D81000245B70 /* SDWebImageDownloader.h */ = {isa = PBXFileReference; fileEncoding = 4; lastKnownFileType = sourcecode.c.h; path = SDWebImageDownloader.h; sourceTree = "<group>"; };
		04126BC91C61D81000245B70 /* SDWebImageDownloader.m */ = {isa = PBXFileReference; fileEncoding = 4; lastKnownFileType = sourcecode.c.objc; path = SDWebImageDownloader.m; sourceTree = "<group>"; };
		04126BCA1C61D81000245B70 /* SDWebImageDownloaderOperation.h */ = {isa = PBXFileReference; fileEncoding = 4; lastKnownFileType = sourcecode.c.h; path = SDWebImageDownloaderOperation.h; sourceTree = "<group>"; };
		04126BCB1C61D81000245B70 /* SDWebImageDownloaderOperation.m */ = {isa = PBXFileReference; fileEncoding = 4; lastKnownFileType = sourcecode.c.objc; path = SDWebImageDownloaderOperation.m; sourceTree = "<group>"; };
		04126BCC1C61D81000245B70 /* SDWebImageManager.h */ = {isa = PBXFileReference; fileEncoding = 4; lastKnownFileType = sourcecode.c.h; path = SDWebImageManager.h; sourceTree = "<group>"; };
		04126BCD1C61D81000245B70 /* SDWebImageManager.m */ = {isa = PBXFileReference; fileEncoding = 4; lastKnownFileType = sourcecode.c.objc; path = SDWebImageManager.m; sourceTree = "<group>"; };
		04126BCE1C61D81000245B70 /* SDWebImageOperation.h */ = {isa = PBXFileReference; fileEncoding = 4; lastKnownFileType = sourcecode.c.h; path = SDWebImageOperation.h; sourceTree = "<group>"; };
		04126BCF1C61D81000245B70 /* SDWebImagePrefetcher.h */ = {isa = PBXFileReference; fileEncoding = 4; lastKnownFileType = sourcecode.c.h; path = SDWebImagePrefetcher.h; sourceTree = "<group>"; };
		04126BD01C61D81000245B70 /* SDWebImagePrefetcher.m */ = {isa = PBXFileReference; fileEncoding = 4; lastKnownFileType = sourcecode.c.objc; path = SDWebImagePrefetcher.m; sourceTree = "<group>"; };
		04126BD11C61D81000245B70 /* UIButton+WebCache.h */ = {isa = PBXFileReference; fileEncoding = 4; lastKnownFileType = sourcecode.c.h; path = "UIButton+WebCache.h"; sourceTree = "<group>"; };
		04126BD21C61D81000245B70 /* UIButton+WebCache.m */ = {isa = PBXFileReference; fileEncoding = 4; lastKnownFileType = sourcecode.c.objc; path = "UIButton+WebCache.m"; sourceTree = "<group>"; };
		04126BD31C61D81000245B70 /* UIImage+GIF.h */ = {isa = PBXFileReference; fileEncoding = 4; lastKnownFileType = sourcecode.c.h; path = "UIImage+GIF.h"; sourceTree = "<group>"; };
		04126BD41C61D81000245B70 /* UIImage+GIF.m */ = {isa = PBXFileReference; fileEncoding = 4; lastKnownFileType = sourcecode.c.objc; path = "UIImage+GIF.m"; sourceTree = "<group>"; };
		04126BD51C61D81000245B70 /* UIImage+MultiFormat.h */ = {isa = PBXFileReference; fileEncoding = 4; lastKnownFileType = sourcecode.c.h; path = "UIImage+MultiFormat.h"; sourceTree = "<group>"; };
		04126BD61C61D81000245B70 /* UIImage+MultiFormat.m */ = {isa = PBXFileReference; fileEncoding = 4; lastKnownFileType = sourcecode.c.objc; path = "UIImage+MultiFormat.m"; sourceTree = "<group>"; };
		04126BD71C61D81000245B70 /* UIImage+WebP.h */ = {isa = PBXFileReference; fileEncoding = 4; lastKnownFileType = sourcecode.c.h; path = "UIImage+WebP.h"; sourceTree = "<group>"; };
		04126BD81C61D81000245B70 /* UIImage+WebP.m */ = {isa = PBXFileReference; fileEncoding = 4; lastKnownFileType = sourcecode.c.objc; path = "UIImage+WebP.m"; sourceTree = "<group>"; };
		04126BD91C61D81000245B70 /* UIImageView+HighlightedWebCache.h */ = {isa = PBXFileReference; fileEncoding = 4; lastKnownFileType = sourcecode.c.h; path = "UIImageView+HighlightedWebCache.h"; sourceTree = "<group>"; };
		04126BDA1C61D81000245B70 /* UIImageView+HighlightedWebCache.m */ = {isa = PBXFileReference; fileEncoding = 4; lastKnownFileType = sourcecode.c.objc; path = "UIImageView+HighlightedWebCache.m"; sourceTree = "<group>"; };
		04126BDB1C61D81000245B70 /* UIImageView+WebCache.h */ = {isa = PBXFileReference; fileEncoding = 4; lastKnownFileType = sourcecode.c.h; path = "UIImageView+WebCache.h"; sourceTree = "<group>"; };
		04126BDC1C61D81000245B70 /* UIImageView+WebCache.m */ = {isa = PBXFileReference; fileEncoding = 4; lastKnownFileType = sourcecode.c.objc; path = "UIImageView+WebCache.m"; sourceTree = "<group>"; };
		04126BDD1C61D81000245B70 /* UIView+WebCacheOperation.h */ = {isa = PBXFileReference; fileEncoding = 4; lastKnownFileType = sourcecode.c.h; path = "UIView+WebCacheOperation.h"; sourceTree = "<group>"; };
		04126BDE1C61D81000245B70 /* UIView+WebCacheOperation.m */ = {isa = PBXFileReference; fileEncoding = 4; lastKnownFileType = sourcecode.c.objc; path = "UIView+WebCacheOperation.m"; sourceTree = "<group>"; };
		04AAD9851C604FE6005A0C41 /* AFAutoPurgingImageCache.h */ = {isa = PBXFileReference; fileEncoding = 4; lastKnownFileType = sourcecode.c.h; path = AFAutoPurgingImageCache.h; sourceTree = "<group>"; };
		04AAD9861C604FE6005A0C41 /* AFAutoPurgingImageCache.m */ = {isa = PBXFileReference; fileEncoding = 4; lastKnownFileType = sourcecode.c.objc; path = AFAutoPurgingImageCache.m; sourceTree = "<group>"; };
		04AAD9871C604FE6005A0C41 /* AFHTTPSessionManager.h */ = {isa = PBXFileReference; fileEncoding = 4; lastKnownFileType = sourcecode.c.h; path = AFHTTPSessionManager.h; sourceTree = "<group>"; };
		04AAD9881C604FE6005A0C41 /* AFHTTPSessionManager.m */ = {isa = PBXFileReference; fileEncoding = 4; lastKnownFileType = sourcecode.c.objc; path = AFHTTPSessionManager.m; sourceTree = "<group>"; };
		04AAD9891C604FE6005A0C41 /* AFImageDownloader.h */ = {isa = PBXFileReference; fileEncoding = 4; lastKnownFileType = sourcecode.c.h; path = AFImageDownloader.h; sourceTree = "<group>"; };
		04AAD98A1C604FE6005A0C41 /* AFImageDownloader.m */ = {isa = PBXFileReference; fileEncoding = 4; lastKnownFileType = sourcecode.c.objc; path = AFImageDownloader.m; sourceTree = "<group>"; };
		04AAD98B1C604FE6005A0C41 /* AFNetworkActivityIndicatorManager.h */ = {isa = PBXFileReference; fileEncoding = 4; lastKnownFileType = sourcecode.c.h; path = AFNetworkActivityIndicatorManager.h; sourceTree = "<group>"; };
		04AAD98C1C604FE6005A0C41 /* AFNetworkActivityIndicatorManager.m */ = {isa = PBXFileReference; fileEncoding = 4; lastKnownFileType = sourcecode.c.objc; path = AFNetworkActivityIndicatorManager.m; sourceTree = "<group>"; };
		04AAD98D1C604FE6005A0C41 /* AFNetworking.h */ = {isa = PBXFileReference; fileEncoding = 4; lastKnownFileType = sourcecode.c.h; path = AFNetworking.h; sourceTree = "<group>"; };
		04AAD98E1C604FE6005A0C41 /* AFNetworkReachabilityManager.h */ = {isa = PBXFileReference; fileEncoding = 4; lastKnownFileType = sourcecode.c.h; path = AFNetworkReachabilityManager.h; sourceTree = "<group>"; };
		04AAD98F1C604FE6005A0C41 /* AFNetworkReachabilityManager.m */ = {isa = PBXFileReference; fileEncoding = 4; lastKnownFileType = sourcecode.c.objc; path = AFNetworkReachabilityManager.m; sourceTree = "<group>"; };
		04AAD9901C604FE6005A0C41 /* AFSecurityPolicy.h */ = {isa = PBXFileReference; fileEncoding = 4; lastKnownFileType = sourcecode.c.h; path = AFSecurityPolicy.h; sourceTree = "<group>"; };
		04AAD9911C604FE6005A0C41 /* AFSecurityPolicy.m */ = {isa = PBXFileReference; fileEncoding = 4; lastKnownFileType = sourcecode.c.objc; path = AFSecurityPolicy.m; sourceTree = "<group>"; };
		04AAD9921C604FE6005A0C41 /* AFURLRequestSerialization.h */ = {isa = PBXFileReference; fileEncoding = 4; lastKnownFileType = sourcecode.c.h; path = AFURLRequestSerialization.h; sourceTree = "<group>"; };
		04AAD9931C604FE6005A0C41 /* AFURLRequestSerialization.m */ = {isa = PBXFileReference; fileEncoding = 4; lastKnownFileType = sourcecode.c.objc; path = AFURLRequestSerialization.m; sourceTree = "<group>"; };
		04AAD9941C604FE6005A0C41 /* AFURLResponseSerialization.h */ = {isa = PBXFileReference; fileEncoding = 4; lastKnownFileType = sourcecode.c.h; path = AFURLResponseSerialization.h; sourceTree = "<group>"; };
		04AAD9951C604FE6005A0C41 /* AFURLResponseSerialization.m */ = {isa = PBXFileReference; fileEncoding = 4; lastKnownFileType = sourcecode.c.objc; path = AFURLResponseSerialization.m; sourceTree = "<group>"; };
		04AAD9961C604FE6005A0C41 /* AFURLSessionManager.h */ = {isa = PBXFileReference; fileEncoding = 4; lastKnownFileType = sourcecode.c.h; path = AFURLSessionManager.h; sourceTree = "<group>"; };
		04AAD9971C604FE6005A0C41 /* AFURLSessionManager.m */ = {isa = PBXFileReference; fileEncoding = 4; lastKnownFileType = sourcecode.c.objc; path = AFURLSessionManager.m; sourceTree = "<group>"; };
		04AAD9981C604FE6005A0C41 /* UIActivityIndicatorView+AFNetworking.h */ = {isa = PBXFileReference; fileEncoding = 4; lastKnownFileType = sourcecode.c.h; path = "UIActivityIndicatorView+AFNetworking.h"; sourceTree = "<group>"; };
		04AAD9991C604FE6005A0C41 /* UIActivityIndicatorView+AFNetworking.m */ = {isa = PBXFileReference; fileEncoding = 4; lastKnownFileType = sourcecode.c.objc; path = "UIActivityIndicatorView+AFNetworking.m"; sourceTree = "<group>"; };
		04AAD99A1C604FE6005A0C41 /* UIButton+AFNetworking.h */ = {isa = PBXFileReference; fileEncoding = 4; lastKnownFileType = sourcecode.c.h; path = "UIButton+AFNetworking.h"; sourceTree = "<group>"; };
		04AAD99B1C604FE6005A0C41 /* UIButton+AFNetworking.m */ = {isa = PBXFileReference; fileEncoding = 4; lastKnownFileType = sourcecode.c.objc; path = "UIButton+AFNetworking.m"; sourceTree = "<group>"; };
		04AAD99C1C604FE6005A0C41 /* UIImage+AFNetworking.h */ = {isa = PBXFileReference; fileEncoding = 4; lastKnownFileType = sourcecode.c.h; path = "UIImage+AFNetworking.h"; sourceTree = "<group>"; };
		04AAD99D1C604FE6005A0C41 /* UIImageView+AFNetworking.h */ = {isa = PBXFileReference; fileEncoding = 4; lastKnownFileType = sourcecode.c.h; path = "UIImageView+AFNetworking.h"; sourceTree = "<group>"; };
		04AAD99E1C604FE6005A0C41 /* UIImageView+AFNetworking.m */ = {isa = PBXFileReference; fileEncoding = 4; lastKnownFileType = sourcecode.c.objc; path = "UIImageView+AFNetworking.m"; sourceTree = "<group>"; };
		04AAD99F1C604FE6005A0C41 /* UIKit+AFNetworking.h */ = {isa = PBXFileReference; fileEncoding = 4; lastKnownFileType = sourcecode.c.h; path = "UIKit+AFNetworking.h"; sourceTree = "<group>"; };
		04AAD9A01C604FE6005A0C41 /* UIProgressView+AFNetworking.h */ = {isa = PBXFileReference; fileEncoding = 4; lastKnownFileType = sourcecode.c.h; path = "UIProgressView+AFNetworking.h"; sourceTree = "<group>"; };
		04AAD9A11C604FE6005A0C41 /* UIProgressView+AFNetworking.m */ = {isa = PBXFileReference; fileEncoding = 4; lastKnownFileType = sourcecode.c.objc; path = "UIProgressView+AFNetworking.m"; sourceTree = "<group>"; };
		04AAD9A21C604FE6005A0C41 /* UIRefreshControl+AFNetworking.h */ = {isa = PBXFileReference; fileEncoding = 4; lastKnownFileType = sourcecode.c.h; path = "UIRefreshControl+AFNetworking.h"; sourceTree = "<group>"; };
		04AAD9A31C604FE6005A0C41 /* UIRefreshControl+AFNetworking.m */ = {isa = PBXFileReference; fileEncoding = 4; lastKnownFileType = sourcecode.c.objc; path = "UIRefreshControl+AFNetworking.m"; sourceTree = "<group>"; };
		04AAD9A41C604FE6005A0C41 /* UIWebView+AFNetworking.h */ = {isa = PBXFileReference; fileEncoding = 4; lastKnownFileType = sourcecode.c.h; path = "UIWebView+AFNetworking.h"; sourceTree = "<group>"; };
		04AAD9A51C604FE6005A0C41 /* UIWebView+AFNetworking.m */ = {isa = PBXFileReference; fileEncoding = 4; lastKnownFileType = sourcecode.c.objc; path = "UIWebView+AFNetworking.m"; sourceTree = "<group>"; };
		04AAD9B51C608F67005A0C41 /* AboutViewController.h */ = {isa = PBXFileReference; fileEncoding = 4; lastKnownFileType = sourcecode.c.h; path = AboutViewController.h; sourceTree = "<group>"; };
		04AAD9B61C608F67005A0C41 /* AboutViewController.m */ = {isa = PBXFileReference; fileEncoding = 4; lastKnownFileType = sourcecode.c.objc; path = AboutViewController.m; sourceTree = "<group>"; };
		04AAD9B81C608F76005A0C41 /* HostSettingViewController.h */ = {isa = PBXFileReference; fileEncoding = 4; lastKnownFileType = sourcecode.c.h; path = HostSettingViewController.h; sourceTree = "<group>"; };
		04AAD9B91C608F76005A0C41 /* HostSettingViewController.m */ = {isa = PBXFileReference; fileEncoding = 4; lastKnownFileType = sourcecode.c.objc; path = HostSettingViewController.m; sourceTree = "<group>"; };
		04AAD9BB1C608F9A005A0C41 /* PlayRecordViewController.h */ = {isa = PBXFileReference; fileEncoding = 4; lastKnownFileType = sourcecode.c.h; path = PlayRecordViewController.h; sourceTree = "<group>"; };
		04AAD9BC1C608F9A005A0C41 /* PlayRecordViewController.m */ = {isa = PBXFileReference; fileEncoding = 4; lastKnownFileType = sourcecode.c.objc; path = PlayRecordViewController.m; sourceTree = "<group>"; };
		04AAD9BE1C608FB7005A0C41 /* MyCollectionViewController.h */ = {isa = PBXFileReference; fileEncoding = 4; lastKnownFileType = sourcecode.c.h; path = MyCollectionViewController.h; sourceTree = "<group>"; };
		04AAD9BF1C608FB7005A0C41 /* MyCollectionViewController.m */ = {isa = PBXFileReference; fileEncoding = 4; lastKnownFileType = sourcecode.c.objc; path = MyCollectionViewController.m; sourceTree = "<group>"; };
		2C3987A61C5F0B6600BD64EC /* RootTabBarViewController.h */ = {isa = PBXFileReference; fileEncoding = 4; lastKnownFileType = sourcecode.c.h; path = RootTabBarViewController.h; sourceTree = "<group>"; };
		2C3987A71C5F0B6600BD64EC /* RootTabBarViewController.m */ = {isa = PBXFileReference; fileEncoding = 4; lastKnownFileType = sourcecode.c.objc; path = RootTabBarViewController.m; sourceTree = "<group>"; };
		2C3987A91C5F0C2B00BD64EC /* HYZViewController.h */ = {isa = PBXFileReference; fileEncoding = 4; lastKnownFileType = sourcecode.c.h; path = HYZViewController.h; sourceTree = "<group>"; };
		2C3987AA1C5F0C2B00BD64EC /* HYZViewController.m */ = {isa = PBXFileReference; fileEncoding = 4; lastKnownFileType = sourcecode.c.objc; path = HYZViewController.m; sourceTree = "<group>"; };
		2C3987AF1C5F0DFC00BD64EC /* MainNewsViewController.h */ = {isa = PBXFileReference; fileEncoding = 4; lastKnownFileType = sourcecode.c.h; path = MainNewsViewController.h; sourceTree = "<group>"; };
		2C3987B01C5F0DFC00BD64EC /* MainNewsViewController.m */ = {isa = PBXFileReference; fileEncoding = 4; lastKnownFileType = sourcecode.c.objc; path = MainNewsViewController.m; sourceTree = "<group>"; };
		2C3987B21C5F0E1E00BD64EC /* MainWebcastViewController.h */ = {isa = PBXFileReference; fileEncoding = 4; lastKnownFileType = sourcecode.c.h; path = MainWebcastViewController.h; sourceTree = "<group>"; };
		2C3987B31C5F0E1E00BD64EC /* MainWebcastViewController.m */ = {isa = PBXFileReference; fileEncoding = 4; lastKnownFileType = sourcecode.c.objc; path = MainWebcastViewController.m; sourceTree = "<group>"; };
		2C3987B51C5F0E3000BD64EC /* MainSettingViewController.h */ = {isa = PBXFileReference; fileEncoding = 4; lastKnownFileType = sourcecode.c.h; path = MainSettingViewController.h; sourceTree = "<group>"; };
		2C3987B61C5F0E3000BD64EC /* MainSettingViewController.m */ = {isa = PBXFileReference; fileEncoding = 4; lastKnownFileType = sourcecode.c.objc; path = MainSettingViewController.m; sourceTree = "<group>"; };
		2C3987B81C5F106600BD64EC /* HYZ+Color.h */ = {isa = PBXFileReference; fileEncoding = 4; lastKnownFileType = sourcecode.c.h; path = "HYZ+Color.h"; sourceTree = "<group>"; };
		2C3987B91C5F106600BD64EC /* HYZ+Color.m */ = {isa = PBXFileReference; fileEncoding = 4; lastKnownFileType = sourcecode.c.objc; path = "HYZ+Color.m"; sourceTree = "<group>"; };
		2C3987C41C5F34EA00BD64EC /* PublicSource.h */ = {isa = PBXFileReference; lastKnownFileType = sourcecode.c.h; path = PublicSource.h; sourceTree = "<group>"; };
		2C3987C51C5F491500BD64EC /* MainCollectionReusableView.h */ = {isa = PBXFileReference; fileEncoding = 4; lastKnownFileType = sourcecode.c.h; path = MainCollectionReusableView.h; sourceTree = "<group>"; };
		2C3987C61C5F491500BD64EC /* MainCollectionReusableView.m */ = {isa = PBXFileReference; fileEncoding = 4; lastKnownFileType = sourcecode.c.objc; path = MainCollectionReusableView.m; sourceTree = "<group>"; };
		2C3987C81C5F4B9200BD64EC /* MainCollectionViewCell.h */ = {isa = PBXFileReference; fileEncoding = 4; lastKnownFileType = sourcecode.c.h; path = MainCollectionViewCell.h; sourceTree = "<group>"; };
		2C3987C91C5F4B9200BD64EC /* MainCollectionViewCell.m */ = {isa = PBXFileReference; fileEncoding = 4; lastKnownFileType = sourcecode.c.objc; path = MainCollectionViewCell.m; sourceTree = "<group>"; };
		2CC976D11C5F015900D4C1D9 /* YouKe.app */ = {isa = PBXFileReference; explicitFileType = wrapper.application; includeInIndex = 0; path = YouKe.app; sourceTree = BUILT_PRODUCTS_DIR; };
		2CC976D51C5F015900D4C1D9 /* main.m */ = {isa = PBXFileReference; lastKnownFileType = sourcecode.c.objc; path = main.m; sourceTree = "<group>"; };
		2CC976D71C5F015900D4C1D9 /* AppDelegate.h */ = {isa = PBXFileReference; lastKnownFileType = sourcecode.c.h; path = AppDelegate.h; sourceTree = "<group>"; };
		2CC976D81C5F015900D4C1D9 /* AppDelegate.m */ = {isa = PBXFileReference; lastKnownFileType = sourcecode.c.objc; path = AppDelegate.m; sourceTree = "<group>"; };
		2CC976E01C5F015900D4C1D9 /* Assets.xcassets */ = {isa = PBXFileReference; lastKnownFileType = folder.assetcatalog; name = Assets.xcassets; path = ../Assets.xcassets; sourceTree = "<group>"; };
		2CC976E31C5F015900D4C1D9 /* Base */ = {isa = PBXFileReference; lastKnownFileType = file.storyboard; name = Base; path = Base.lproj/LaunchScreen.storyboard; sourceTree = "<group>"; };
		2CC976E51C5F015900D4C1D9 /* Info.plist */ = {isa = PBXFileReference; lastKnownFileType = text.plist.xml; path = Info.plist; sourceTree = "<group>"; };
		2CC976EA1C5F015900D4C1D9 /* YouKeTests.xctest */ = {isa = PBXFileReference; explicitFileType = wrapper.cfbundle; includeInIndex = 0; path = YouKeTests.xctest; sourceTree = BUILT_PRODUCTS_DIR; };
		2CC976EE1C5F015900D4C1D9 /* YouKeTests.m */ = {isa = PBXFileReference; lastKnownFileType = sourcecode.c.objc; path = YouKeTests.m; sourceTree = "<group>"; };
		2CC976F01C5F015900D4C1D9 /* Info.plist */ = {isa = PBXFileReference; lastKnownFileType = text.plist.xml; path = Info.plist; sourceTree = "<group>"; };
		2CC976F51C5F015900D4C1D9 /* YouKeUITests.xctest */ = {isa = PBXFileReference; explicitFileType = wrapper.cfbundle; includeInIndex = 0; path = YouKeUITests.xctest; sourceTree = BUILT_PRODUCTS_DIR; };
		2CC976F91C5F015900D4C1D9 /* YouKeUITests.m */ = {isa = PBXFileReference; lastKnownFileType = sourcecode.c.objc; path = YouKeUITests.m; sourceTree = "<group>"; };
		2CC976FB1C5F015900D4C1D9 /* Info.plist */ = {isa = PBXFileReference; lastKnownFileType = text.plist.xml; path = Info.plist; sourceTree = "<group>"; };
		9067A18D1CB263E3003BB7B4 /* BaseHelper.h */ = {isa = PBXFileReference; fileEncoding = 4; lastKnownFileType = sourcecode.c.h; path = BaseHelper.h; sourceTree = "<group>"; };
		9067A18E1CB263E3003BB7B4 /* BaseHelper.m */ = {isa = PBXFileReference; fileEncoding = 4; lastKnownFileType = sourcecode.c.objc; path = BaseHelper.m; sourceTree = "<group>"; };
		90B0C2E81CB2963000EEF4F0 /* MainWebcastStruct.h */ = {isa = PBXFileReference; fileEncoding = 4; lastKnownFileType = sourcecode.c.h; path = MainWebcastStruct.h; sourceTree = "<group>"; };
		90B0C2E91CB2963000EEF4F0 /* MainWebcastStruct.m */ = {isa = PBXFileReference; fileEncoding = 4; lastKnownFileType = sourcecode.c.objc; path = MainWebcastStruct.m; sourceTree = "<group>"; };
		A8D5F77A1C605459009F6FB8 /* MainViewController.h */ = {isa = PBXFileReference; fileEncoding = 4; lastKnownFileType = sourcecode.c.h; path = MainViewController.h; sourceTree = "<group>"; };
		A8D5F77B1C605459009F6FB8 /* MainViewController.m */ = {isa = PBXFileReference; fileEncoding = 4; lastKnownFileType = sourcecode.c.objc; path = MainViewController.m; sourceTree = "<group>"; };
		A8D5F77D1C60547F009F6FB8 /* MainCollectionImageCell.h */ = {isa = PBXFileReference; fileEncoding = 4; lastKnownFileType = sourcecode.c.h; path = MainCollectionImageCell.h; sourceTree = "<group>"; };
		A8D5F77E1C60547F009F6FB8 /* MainCollectionImageCell.m */ = {isa = PBXFileReference; fileEncoding = 4; lastKnownFileType = sourcecode.c.objc; path = MainCollectionImageCell.m; sourceTree = "<group>"; };
		A8D5F7801C607A3A009F6FB8 /* MainNewsCell.h */ = {isa = PBXFileReference; fileEncoding = 4; lastKnownFileType = sourcecode.c.h; path = MainNewsCell.h; sourceTree = "<group>"; };
		A8D5F7811C607A3A009F6FB8 /* MainNewsCell.m */ = {isa = PBXFileReference; fileEncoding = 4; lastKnownFileType = sourcecode.c.objc; path = MainNewsCell.m; sourceTree = "<group>"; };
		A8D5F7831C6084DA009F6FB8 /* CourseListViewController.h */ = {isa = PBXFileReference; fileEncoding = 4; lastKnownFileType = sourcecode.c.h; path = CourseListViewController.h; sourceTree = "<group>"; };
		A8D5F7841C6084DA009F6FB8 /* CourseListViewController.m */ = {isa = PBXFileReference; fileEncoding = 4; lastKnownFileType = sourcecode.c.objc; path = CourseListViewController.m; sourceTree = "<group>"; };
		CFD866101CB2579C00D3F1E8 /* MD5.h */ = {isa = PBXFileReference; fileEncoding = 4; lastKnownFileType = sourcecode.c.h; path = MD5.h; sourceTree = "<group>"; };
		CFD866111CB2579C00D3F1E8 /* MD5.m */ = {isa = PBXFileReference; fileEncoding = 4; lastKnownFileType = sourcecode.c.objc; path = MD5.m; sourceTree = "<group>"; };
		CFD866521CB2AEBD00D3F1E8 /* WebViewController.h */ = {isa = PBXFileReference; fileEncoding = 4; lastKnownFileType = sourcecode.c.h; path = WebViewController.h; sourceTree = "<group>"; };
		CFD866531CB2AEBD00D3F1E8 /* WebViewController.m */ = {isa = PBXFileReference; fileEncoding = 4; lastKnownFileType = sourcecode.c.objc; path = WebViewController.m; sourceTree = "<group>"; };
		CFF9A9B71C5F85410072FBA8 /* MainMenuView.h */ = {isa = PBXFileReference; fileEncoding = 4; lastKnownFileType = sourcecode.c.h; path = MainMenuView.h; sourceTree = "<group>"; };
		CFF9A9B81C5F85410072FBA8 /* MainMenuView.m */ = {isa = PBXFileReference; fileEncoding = 4; lastKnownFileType = sourcecode.c.objc; path = MainMenuView.m; sourceTree = "<group>"; };
		CFF9A9BA1C5F85660072FBA8 /* TitleCollectionCell.h */ = {isa = PBXFileReference; fileEncoding = 4; lastKnownFileType = sourcecode.c.h; path = TitleCollectionCell.h; sourceTree = "<group>"; };
		CFF9A9BB1C5F85660072FBA8 /* TitleCollectionCell.m */ = {isa = PBXFileReference; fileEncoding = 4; lastKnownFileType = sourcecode.c.objc; path = TitleCollectionCell.m; sourceTree = "<group>"; };
		CFF9A9BC1C5F85660072FBA8 /* TitleCollectionCell.xib */ = {isa = PBXFileReference; fileEncoding = 4; lastKnownFileType = file.xib; path = TitleCollectionCell.xib; sourceTree = "<group>"; };
/* End PBXFileReference section */

/* Begin PBXFrameworksBuildPhase section */
		2CC976CE1C5F015900D4C1D9 /* Frameworks */ = {
			isa = PBXFrameworksBuildPhase;
			buildActionMask = 2147483647;
			files = (
			);
			runOnlyForDeploymentPostprocessing = 0;
		};
		2CC976E71C5F015900D4C1D9 /* Frameworks */ = {
			isa = PBXFrameworksBuildPhase;
			buildActionMask = 2147483647;
			files = (
			);
			runOnlyForDeploymentPostprocessing = 0;
		};
		2CC976F21C5F015900D4C1D9 /* Frameworks */ = {
			isa = PBXFrameworksBuildPhase;
			buildActionMask = 2147483647;
			files = (
			);
			runOnlyForDeploymentPostprocessing = 0;
		};
/* End PBXFrameworksBuildPhase section */

/* Begin PBXGroup section */
		04126BA91C61D81000245B70 /* MBProgressHUD */ = {
			isa = PBXGroup;
			children = (
				04126BAA1C61D81000245B70 /* MBProgressHUD.h */,
				04126BAB1C61D81000245B70 /* MBProgressHUD.m */,
			);
			path = MBProgressHUD;
			sourceTree = "<group>";
		};
		04126BAC1C61D81000245B70 /* MJRefresh */ = {
			isa = PBXGroup;
			children = (
				04126BAD1C61D81000245B70 /* MJRefresh.bundle */,
				04126BAE1C61D81000245B70 /* MJRefresh.h */,
				04126BAF1C61D81000245B70 /* MJRefreshBaseView.h */,
				04126BB01C61D81000245B70 /* MJRefreshBaseView.m */,
				04126BB11C61D81000245B70 /* MJRefreshConst.h */,
				04126BB21C61D81000245B70 /* MJRefreshConst.m */,
				04126BB31C61D81000245B70 /* MJRefreshFooterView.h */,
				04126BB41C61D81000245B70 /* MJRefreshFooterView.m */,
				04126BB51C61D81000245B70 /* MJRefreshHeaderView.h */,
				04126BB61C61D81000245B70 /* MJRefreshHeaderView.m */,
				04126BB71C61D81000245B70 /* UIScrollView+MJExtension.h */,
				04126BB81C61D81000245B70 /* UIScrollView+MJExtension.m */,
				04126BB91C61D81000245B70 /* UIScrollView+MJRefresh.h */,
				04126BBA1C61D81000245B70 /* UIScrollView+MJRefresh.m */,
				04126BBB1C61D81000245B70 /* UIView+MJExtension.h */,
				04126BBC1C61D81000245B70 /* UIView+MJExtension.m */,
			);
			path = MJRefresh;
			sourceTree = "<group>";
		};
		04126BBD1C61D81000245B70 /* SDWebImage */ = {
			isa = PBXGroup;
			children = (
				04126BBE1C61D81000245B70 /* MKAnnotationView+WebCache.h */,
				04126BBF1C61D81000245B70 /* MKAnnotationView+WebCache.m */,
				04126BC01C61D81000245B70 /* NSData+ImageContentType.h */,
				04126BC11C61D81000245B70 /* NSData+ImageContentType.m */,
				04126BC21C61D81000245B70 /* SDImageCache.h */,
				04126BC31C61D81000245B70 /* SDImageCache.m */,
				04126BC41C61D81000245B70 /* SDWebImageCompat.h */,
				04126BC51C61D81000245B70 /* SDWebImageCompat.m */,
				04126BC61C61D81000245B70 /* SDWebImageDecoder.h */,
				04126BC71C61D81000245B70 /* SDWebImageDecoder.m */,
				04126BC81C61D81000245B70 /* SDWebImageDownloader.h */,
				04126BC91C61D81000245B70 /* SDWebImageDownloader.m */,
				04126BCA1C61D81000245B70 /* SDWebImageDownloaderOperation.h */,
				04126BCB1C61D81000245B70 /* SDWebImageDownloaderOperation.m */,
				04126BCC1C61D81000245B70 /* SDWebImageManager.h */,
				04126BCD1C61D81000245B70 /* SDWebImageManager.m */,
				04126BCE1C61D81000245B70 /* SDWebImageOperation.h */,
				04126BCF1C61D81000245B70 /* SDWebImagePrefetcher.h */,
				04126BD01C61D81000245B70 /* SDWebImagePrefetcher.m */,
				04126BD11C61D81000245B70 /* UIButton+WebCache.h */,
				04126BD21C61D81000245B70 /* UIButton+WebCache.m */,
				04126BD31C61D81000245B70 /* UIImage+GIF.h */,
				04126BD41C61D81000245B70 /* UIImage+GIF.m */,
				04126BD51C61D81000245B70 /* UIImage+MultiFormat.h */,
				04126BD61C61D81000245B70 /* UIImage+MultiFormat.m */,
				04126BD71C61D81000245B70 /* UIImage+WebP.h */,
				04126BD81C61D81000245B70 /* UIImage+WebP.m */,
				04126BD91C61D81000245B70 /* UIImageView+HighlightedWebCache.h */,
				04126BDA1C61D81000245B70 /* UIImageView+HighlightedWebCache.m */,
				04126BDB1C61D81000245B70 /* UIImageView+WebCache.h */,
				04126BDC1C61D81000245B70 /* UIImageView+WebCache.m */,
				04126BDD1C61D81000245B70 /* UIView+WebCacheOperation.h */,
				04126BDE1C61D81000245B70 /* UIView+WebCacheOperation.m */,
			);
			path = SDWebImage;
			sourceTree = "<group>";
		};
		04AAD9831C604FD1005A0C41 /* Libs */ = {
			isa = PBXGroup;
			children = (
				04126BA91C61D81000245B70 /* MBProgressHUD */,
				04126BAC1C61D81000245B70 /* MJRefresh */,
				04126BBD1C61D81000245B70 /* SDWebImage */,
				04AAD9841C604FE6005A0C41 /* AFNetWorking */,
			);
			path = Libs;
			sourceTree = "<group>";
		};
		04AAD9841C604FE6005A0C41 /* AFNetWorking */ = {
			isa = PBXGroup;
			children = (
				04AAD9851C604FE6005A0C41 /* AFAutoPurgingImageCache.h */,
				04AAD9861C604FE6005A0C41 /* AFAutoPurgingImageCache.m */,
				04AAD9871C604FE6005A0C41 /* AFHTTPSessionManager.h */,
				04AAD9881C604FE6005A0C41 /* AFHTTPSessionManager.m */,
				04AAD9891C604FE6005A0C41 /* AFImageDownloader.h */,
				04AAD98A1C604FE6005A0C41 /* AFImageDownloader.m */,
				04AAD98B1C604FE6005A0C41 /* AFNetworkActivityIndicatorManager.h */,
				04AAD98C1C604FE6005A0C41 /* AFNetworkActivityIndicatorManager.m */,
				04AAD98D1C604FE6005A0C41 /* AFNetworking.h */,
				04AAD98E1C604FE6005A0C41 /* AFNetworkReachabilityManager.h */,
				04AAD98F1C604FE6005A0C41 /* AFNetworkReachabilityManager.m */,
				04AAD9901C604FE6005A0C41 /* AFSecurityPolicy.h */,
				04AAD9911C604FE6005A0C41 /* AFSecurityPolicy.m */,
				04AAD9921C604FE6005A0C41 /* AFURLRequestSerialization.h */,
				04AAD9931C604FE6005A0C41 /* AFURLRequestSerialization.m */,
				04AAD9941C604FE6005A0C41 /* AFURLResponseSerialization.h */,
				04AAD9951C604FE6005A0C41 /* AFURLResponseSerialization.m */,
				04AAD9961C604FE6005A0C41 /* AFURLSessionManager.h */,
				04AAD9971C604FE6005A0C41 /* AFURLSessionManager.m */,
				04AAD9981C604FE6005A0C41 /* UIActivityIndicatorView+AFNetworking.h */,
				04AAD9991C604FE6005A0C41 /* UIActivityIndicatorView+AFNetworking.m */,
				04AAD99A1C604FE6005A0C41 /* UIButton+AFNetworking.h */,
				04AAD99B1C604FE6005A0C41 /* UIButton+AFNetworking.m */,
				04AAD99C1C604FE6005A0C41 /* UIImage+AFNetworking.h */,
				04AAD99D1C604FE6005A0C41 /* UIImageView+AFNetworking.h */,
				04AAD99E1C604FE6005A0C41 /* UIImageView+AFNetworking.m */,
				04AAD99F1C604FE6005A0C41 /* UIKit+AFNetworking.h */,
				04AAD9A01C604FE6005A0C41 /* UIProgressView+AFNetworking.h */,
				04AAD9A11C604FE6005A0C41 /* UIProgressView+AFNetworking.m */,
				04AAD9A21C604FE6005A0C41 /* UIRefreshControl+AFNetworking.h */,
				04AAD9A31C604FE6005A0C41 /* UIRefreshControl+AFNetworking.m */,
				04AAD9A41C604FE6005A0C41 /* UIWebView+AFNetworking.h */,
				04AAD9A51C604FE6005A0C41 /* UIWebView+AFNetworking.m */,
			);
			path = AFNetWorking;
			sourceTree = "<group>";
		};
		2C3987981C5F08C200BD64EC /* ViewControllers */ = {
			isa = PBXGroup;
			children = (
				2C3987A51C5F0B4000BD64EC /* Root */,
				2C3987A11C5F0AD600BD64EC /* MainPage */,
				2C3987A21C5F0AE300BD64EC /* MainNews */,
				2C3987A31C5F0B1300BD64EC /* MainWebcast */,
				2C3987A41C5F0B2100BD64EC /* MainSetting */,
			);
			path = ViewControllers;
			sourceTree = "<group>";
		};
		2C39879D1C5F0A3E00BD64EC /* BaseCells */ = {
			isa = PBXGroup;
			children = (
				2C3987C81C5F4B9200BD64EC /* MainCollectionViewCell.h */,
				2C3987C91C5F4B9200BD64EC /* MainCollectionViewCell.m */,
				A8D5F77D1C60547F009F6FB8 /* MainCollectionImageCell.h */,
				A8D5F77E1C60547F009F6FB8 /* MainCollectionImageCell.m */,
				CFF9A9BA1C5F85660072FBA8 /* TitleCollectionCell.h */,
				CFF9A9BB1C5F85660072FBA8 /* TitleCollectionCell.m */,
				CFF9A9BC1C5F85660072FBA8 /* TitleCollectionCell.xib */,
				A8D5F7801C607A3A009F6FB8 /* MainNewsCell.h */,
				A8D5F7811C607A3A009F6FB8 /* MainNewsCell.m */,
			);
			path = BaseCells;
			sourceTree = "<group>";
		};
		2C39879F1C5F0A3E00BD64EC /* Tools */ = {
			isa = PBXGroup;
			children = (
				CFF9A9B71C5F85410072FBA8 /* MainMenuView.h */,
				CFF9A9B81C5F85410072FBA8 /* MainMenuView.m */,
				2C3987B81C5F106600BD64EC /* HYZ+Color.h */,
				2C3987B91C5F106600BD64EC /* HYZ+Color.m */,
				2C3987C41C5F34EA00BD64EC /* PublicSource.h */,
				2C3987C51C5F491500BD64EC /* MainCollectionReusableView.h */,
				2C3987C61C5F491500BD64EC /* MainCollectionReusableView.m */,
				04126BA61C61CDF200245B70 /* WWTextField.h */,
				04126BA71C61CDF200245B70 /* WWTextField.m */,
				CFD866101CB2579C00D3F1E8 /* MD5.h */,
				CFD866111CB2579C00D3F1E8 /* MD5.m */,
				9067A18D1CB263E3003BB7B4 /* BaseHelper.h */,
				9067A18E1CB263E3003BB7B4 /* BaseHelper.m */,
				2CC976E01C5F015900D4C1D9 /* Assets.xcassets */,
			);
			path = Tools;
			sourceTree = "<group>";
		};
		2C3987A11C5F0AD600BD64EC /* MainPage */ = {
			isa = PBXGroup;
			children = (
				A8D5F77A1C605459009F6FB8 /* MainViewController.h */,
				A8D5F77B1C605459009F6FB8 /* MainViewController.m */,
				A8D5F7831C6084DA009F6FB8 /* CourseListViewController.h */,
				A8D5F7841C6084DA009F6FB8 /* CourseListViewController.m */,
			);
			name = MainPage;
			sourceTree = "<group>";
		};
		2C3987A21C5F0AE300BD64EC /* MainNews */ = {
			isa = PBXGroup;
			children = (
				2C3987AF1C5F0DFC00BD64EC /* MainNewsViewController.h */,
				2C3987B01C5F0DFC00BD64EC /* MainNewsViewController.m */,
				CFD866521CB2AEBD00D3F1E8 /* WebViewController.h */,
				CFD866531CB2AEBD00D3F1E8 /* WebViewController.m */,
			);
			name = MainNews;
			sourceTree = "<group>";
		};
		2C3987A31C5F0B1300BD64EC /* MainWebcast */ = {
			isa = PBXGroup;
			children = (
				2C3987B21C5F0E1E00BD64EC /* MainWebcastViewController.h */,
				2C3987B31C5F0E1E00BD64EC /* MainWebcastViewController.m */,
				90B0C2E81CB2963000EEF4F0 /* MainWebcastStruct.h */,
				90B0C2E91CB2963000EEF4F0 /* MainWebcastStruct.m */,
			);
			name = MainWebcast;
			sourceTree = "<group>";
		};
		2C3987A41C5F0B2100BD64EC /* MainSetting */ = {
			isa = PBXGroup;
			children = (
				2C3987B51C5F0E3000BD64EC /* MainSettingViewController.h */,
				2C3987B61C5F0E3000BD64EC /* MainSettingViewController.m */,
				04AAD9BB1C608F9A005A0C41 /* PlayRecordViewController.h */,
				04AAD9BC1C608F9A005A0C41 /* PlayRecordViewController.m */,
				04AAD9BE1C608FB7005A0C41 /* MyCollectionViewController.h */,
				04AAD9BF1C608FB7005A0C41 /* MyCollectionViewController.m */,
				04AAD9B81C608F76005A0C41 /* HostSettingViewController.h */,
				04AAD9B91C608F76005A0C41 /* HostSettingViewController.m */,
				04AAD9B51C608F67005A0C41 /* AboutViewController.h */,
				04AAD9B61C608F67005A0C41 /* AboutViewController.m */,
				04126BA01C61CB9800245B70 /* LoginViewController.h */,
				04126BA11C61CB9800245B70 /* LoginViewController.m */,
				04126BA31C61CBA800245B70 /* RegisterViewController.h */,
				04126BA41C61CBA800245B70 /* RegisterViewController.m */,
			);
			name = MainSetting;
			sourceTree = "<group>";
		};
		2C3987A51C5F0B4000BD64EC /* Root */ = {
			isa = PBXGroup;
			children = (
				2C3987A61C5F0B6600BD64EC /* RootTabBarViewController.h */,
				2C3987A71C5F0B6600BD64EC /* RootTabBarViewController.m */,
				2C3987A91C5F0C2B00BD64EC /* HYZViewController.h */,
				2C3987AA1C5F0C2B00BD64EC /* HYZViewController.m */,
			);
			name = Root;
			sourceTree = "<group>";
		};
		2CC976C81C5F015800D4C1D9 = {
			isa = PBXGroup;
			children = (
				2CC976D31C5F015900D4C1D9 /* YouKe */,
				2CC976ED1C5F015900D4C1D9 /* YouKeTests */,
				2CC976F81C5F015900D4C1D9 /* YouKeUITests */,
				2CC976D21C5F015900D4C1D9 /* Products */,
			);
			sourceTree = "<group>";
		};
		2CC976D21C5F015900D4C1D9 /* Products */ = {
			isa = PBXGroup;
			children = (
				2CC976D11C5F015900D4C1D9 /* YouKe.app */,
				2CC976EA1C5F015900D4C1D9 /* YouKeTests.xctest */,
				2CC976F51C5F015900D4C1D9 /* YouKeUITests.xctest */,
			);
			name = Products;
			sourceTree = "<group>";
		};
		2CC976D31C5F015900D4C1D9 /* YouKe */ = {
			isa = PBXGroup;
			children = (
				2CC976D71C5F015900D4C1D9 /* AppDelegate.h */,
				2CC976D81C5F015900D4C1D9 /* AppDelegate.m */,
				2C3987981C5F08C200BD64EC /* ViewControllers */,
				2C39879D1C5F0A3E00BD64EC /* BaseCells */,
				2C39879F1C5F0A3E00BD64EC /* Tools */,
				04AAD9831C604FD1005A0C41 /* Libs */,
				2CC976E21C5F015900D4C1D9 /* LaunchScreen.storyboard */,
				2CC976E51C5F015900D4C1D9 /* Info.plist */,
				2CC976D41C5F015900D4C1D9 /* Supporting Files */,
			);
			path = YouKe;
			sourceTree = "<group>";
		};
		2CC976D41C5F015900D4C1D9 /* Supporting Files */ = {
			isa = PBXGroup;
			children = (
				2CC976D51C5F015900D4C1D9 /* main.m */,
			);
			name = "Supporting Files";
			sourceTree = "<group>";
		};
		2CC976ED1C5F015900D4C1D9 /* YouKeTests */ = {
			isa = PBXGroup;
			children = (
				2CC976EE1C5F015900D4C1D9 /* YouKeTests.m */,
				2CC976F01C5F015900D4C1D9 /* Info.plist */,
			);
			path = YouKeTests;
			sourceTree = "<group>";
		};
		2CC976F81C5F015900D4C1D9 /* YouKeUITests */ = {
			isa = PBXGroup;
			children = (
				2CC976F91C5F015900D4C1D9 /* YouKeUITests.m */,
				2CC976FB1C5F015900D4C1D9 /* Info.plist */,
			);
			path = YouKeUITests;
			sourceTree = "<group>";
		};
/* End PBXGroup section */

/* Begin PBXNativeTarget section */
		2CC976D01C5F015900D4C1D9 /* YouKe */ = {
			isa = PBXNativeTarget;
			buildConfigurationList = 2CC976FE1C5F015900D4C1D9 /* Build configuration list for PBXNativeTarget "YouKe" */;
			buildPhases = (
				2CC976CD1C5F015900D4C1D9 /* Sources */,
				2CC976CE1C5F015900D4C1D9 /* Frameworks */,
				2CC976CF1C5F015900D4C1D9 /* Resources */,
			);
			buildRules = (
			);
			dependencies = (
			);
			name = YouKe;
			productName = YouKe;
			productReference = 2CC976D11C5F015900D4C1D9 /* YouKe.app */;
			productType = "com.apple.product-type.application";
		};
		2CC976E91C5F015900D4C1D9 /* YouKeTests */ = {
			isa = PBXNativeTarget;
			buildConfigurationList = 2CC977011C5F015900D4C1D9 /* Build configuration list for PBXNativeTarget "YouKeTests" */;
			buildPhases = (
				2CC976E61C5F015900D4C1D9 /* Sources */,
				2CC976E71C5F015900D4C1D9 /* Frameworks */,
				2CC976E81C5F015900D4C1D9 /* Resources */,
			);
			buildRules = (
			);
			dependencies = (
				2CC976EC1C5F015900D4C1D9 /* PBXTargetDependency */,
			);
			name = YouKeTests;
			productName = YouKeTests;
			productReference = 2CC976EA1C5F015900D4C1D9 /* YouKeTests.xctest */;
			productType = "com.apple.product-type.bundle.unit-test";
		};
		2CC976F41C5F015900D4C1D9 /* YouKeUITests */ = {
			isa = PBXNativeTarget;
			buildConfigurationList = 2CC977041C5F015900D4C1D9 /* Build configuration list for PBXNativeTarget "YouKeUITests" */;
			buildPhases = (
				2CC976F11C5F015900D4C1D9 /* Sources */,
				2CC976F21C5F015900D4C1D9 /* Frameworks */,
				2CC976F31C5F015900D4C1D9 /* Resources */,
			);
			buildRules = (
			);
			dependencies = (
				2CC976F71C5F015900D4C1D9 /* PBXTargetDependency */,
			);
			name = YouKeUITests;
			productName = YouKeUITests;
			productReference = 2CC976F51C5F015900D4C1D9 /* YouKeUITests.xctest */;
			productType = "com.apple.product-type.bundle.ui-testing";
		};
/* End PBXNativeTarget section */

/* Begin PBXProject section */
		2CC976C91C5F015800D4C1D9 /* Project object */ = {
			isa = PBXProject;
			attributes = {
				LastUpgradeCheck = 0720;
				ORGANIZATIONNAME = "韩亚周";
				TargetAttributes = {
					2CC976D01C5F015900D4C1D9 = {
						CreatedOnToolsVersion = 7.2;
					};
					2CC976E91C5F015900D4C1D9 = {
						CreatedOnToolsVersion = 7.2;
						TestTargetID = 2CC976D01C5F015900D4C1D9;
					};
					2CC976F41C5F015900D4C1D9 = {
						CreatedOnToolsVersion = 7.2;
						TestTargetID = 2CC976D01C5F015900D4C1D9;
					};
				};
			};
			buildConfigurationList = 2CC976CC1C5F015800D4C1D9 /* Build configuration list for PBXProject "YouKe" */;
			compatibilityVersion = "Xcode 3.2";
			developmentRegion = English;
			hasScannedForEncodings = 0;
			knownRegions = (
				en,
				Base,
			);
			mainGroup = 2CC976C81C5F015800D4C1D9;
			productRefGroup = 2CC976D21C5F015900D4C1D9 /* Products */;
			projectDirPath = "";
			projectRoot = "";
			targets = (
				2CC976D01C5F015900D4C1D9 /* YouKe */,
				2CC976E91C5F015900D4C1D9 /* YouKeTests */,
				2CC976F41C5F015900D4C1D9 /* YouKeUITests */,
			);
		};
/* End PBXProject section */

/* Begin PBXResourcesBuildPhase section */
		2CC976CF1C5F015900D4C1D9 /* Resources */ = {
			isa = PBXResourcesBuildPhase;
			buildActionMask = 2147483647;
			files = (
				2CC976E41C5F015900D4C1D9 /* LaunchScreen.storyboard in Resources */,
				2CC976E11C5F015900D4C1D9 /* Assets.xcassets in Resources */,
				04126BE01C61D81000245B70 /* MJRefresh.bundle in Resources */,
				CFF9A9BE1C5F85660072FBA8 /* TitleCollectionCell.xib in Resources */,
			);
			runOnlyForDeploymentPostprocessing = 0;
		};
		2CC976E81C5F015900D4C1D9 /* Resources */ = {
			isa = PBXResourcesBuildPhase;
			buildActionMask = 2147483647;
			files = (
			);
			runOnlyForDeploymentPostprocessing = 0;
		};
		2CC976F31C5F015900D4C1D9 /* Resources */ = {
			isa = PBXResourcesBuildPhase;
			buildActionMask = 2147483647;
			files = (
			);
			runOnlyForDeploymentPostprocessing = 0;
		};
/* End PBXResourcesBuildPhase section */

/* Begin PBXSourcesBuildPhase section */
		2CC976CD1C5F015900D4C1D9 /* Sources */ = {
			isa = PBXSourcesBuildPhase;
			buildActionMask = 2147483647;
			files = (
				04AAD9BA1C608F76005A0C41 /* HostSettingViewController.m in Sources */,
				04126BE21C61D81000245B70 /* MJRefreshConst.m in Sources */,
				9067A18F1CB263E3003BB7B4 /* BaseHelper.m in Sources */,
				CFF9A9BD1C5F85660072FBA8 /* TitleCollectionCell.m in Sources */,
				04126BE71C61D81000245B70 /* UIView+MJExtension.m in Sources */,
				04126BA51C61CBA800245B70 /* RegisterViewController.m in Sources */,
				CFD866541CB2AEBD00D3F1E8 /* WebViewController.m in Sources */,
				2C3987B71C5F0E3000BD64EC /* MainSettingViewController.m in Sources */,
				04126BF31C61D81000245B70 /* UIImage+MultiFormat.m in Sources */,
				2C3987BA1C5F106600BD64EC /* HYZ+Color.m in Sources */,
				04126BF41C61D81000245B70 /* UIImage+WebP.m in Sources */,
				04126BEC1C61D81000245B70 /* SDWebImageDecoder.m in Sources */,
				04126BEB1C61D81000245B70 /* SDWebImageCompat.m in Sources */,
				04126BE31C61D81000245B70 /* MJRefreshFooterView.m in Sources */,
				2C3987B11C5F0DFC00BD64EC /* MainNewsViewController.m in Sources */,
				04126BE51C61D81000245B70 /* UIScrollView+MJExtension.m in Sources */,
				04126BE91C61D81000245B70 /* NSData+ImageContentType.m in Sources */,
				04AAD9BD1C608F9A005A0C41 /* PlayRecordViewController.m in Sources */,
				2C3987A81C5F0B6600BD64EC /* RootTabBarViewController.m in Sources */,
				04AAD9A61C604FE6005A0C41 /* AFAutoPurgingImageCache.m in Sources */,
				04126BF51C61D81000245B70 /* UIImageView+HighlightedWebCache.m in Sources */,
				CFF9A9B91C5F85410072FBA8 /* MainMenuView.m in Sources */,
				04AAD9AC1C604FE6005A0C41 /* AFURLRequestSerialization.m in Sources */,
				04AAD9A91C604FE6005A0C41 /* AFNetworkActivityIndicatorManager.m in Sources */,
				04AAD9C01C608FB7005A0C41 /* MyCollectionViewController.m in Sources */,
				04126BED1C61D81000245B70 /* SDWebImageDownloader.m in Sources */,
				04126BF11C61D81000245B70 /* UIButton+WebCache.m in Sources */,
				04AAD9AB1C604FE6005A0C41 /* AFSecurityPolicy.m in Sources */,
				04AAD9B71C608F67005A0C41 /* AboutViewController.m in Sources */,
				A8D5F7851C6084DA009F6FB8 /* CourseListViewController.m in Sources */,
				04AAD9A81C604FE6005A0C41 /* AFImageDownloader.m in Sources */,
				A8D5F77C1C605459009F6FB8 /* MainViewController.m in Sources */,
				CFD866121CB2579C00D3F1E8 /* MD5.m in Sources */,
				04126BE41C61D81000245B70 /* MJRefreshHeaderView.m in Sources */,
				04126BE11C61D81000245B70 /* MJRefreshBaseView.m in Sources */,
				04126BE61C61D81000245B70 /* UIScrollView+MJRefresh.m in Sources */,
				04126BEE1C61D81000245B70 /* SDWebImageDownloaderOperation.m in Sources */,
				04AAD9B11C604FE6005A0C41 /* UIImageView+AFNetworking.m in Sources */,
				A8D5F7821C607A3A009F6FB8 /* MainNewsCell.m in Sources */,
				04AAD9B21C604FE6005A0C41 /* UIProgressView+AFNetworking.m in Sources */,
				90B0C2EA1CB2963000EEF4F0 /* MainWebcastStruct.m in Sources */,
				2C3987C71C5F491500BD64EC /* MainCollectionReusableView.m in Sources */,
				04126BDF1C61D81000245B70 /* MBProgressHUD.m in Sources */,
				04AAD9B31C604FE6005A0C41 /* UIRefreshControl+AFNetworking.m in Sources */,
				04AAD9AA1C604FE6005A0C41 /* AFNetworkReachabilityManager.m in Sources */,
				2CC976D91C5F015900D4C1D9 /* AppDelegate.m in Sources */,
				04126BF71C61D81000245B70 /* UIView+WebCacheOperation.m in Sources */,
				04126BEA1C61D81000245B70 /* SDImageCache.m in Sources */,
				04126BEF1C61D81000245B70 /* SDWebImageManager.m in Sources */,
				04AAD9B01C604FE6005A0C41 /* UIButton+AFNetworking.m in Sources */,
				04126BF01C61D81000245B70 /* SDWebImagePrefetcher.m in Sources */,
				2C3987B41C5F0E1E00BD64EC /* MainWebcastViewController.m in Sources */,
				04126BA81C61CDF200245B70 /* WWTextField.m in Sources */,
				A8D5F77F1C60547F009F6FB8 /* MainCollectionImageCell.m in Sources */,
				04AAD9AE1C604FE6005A0C41 /* AFURLSessionManager.m in Sources */,
				2C3987AB1C5F0C2B00BD64EC /* HYZViewController.m in Sources */,
				04AAD9AF1C604FE6005A0C41 /* UIActivityIndicatorView+AFNetworking.m in Sources */,
				04126BF61C61D81000245B70 /* UIImageView+WebCache.m in Sources */,
				04AAD9A71C604FE6005A0C41 /* AFHTTPSessionManager.m in Sources */,
				04AAD9B41C604FE6005A0C41 /* UIWebView+AFNetworking.m in Sources */,
				04126BE81C61D81000245B70 /* MKAnnotationView+WebCache.m in Sources */,
				04126BA21C61CB9800245B70 /* LoginViewController.m in Sources */,
				2CC976D61C5F015900D4C1D9 /* main.m in Sources */,
				04126BF21C61D81000245B70 /* UIImage+GIF.m in Sources */,
				04AAD9AD1C604FE6005A0C41 /* AFURLResponseSerialization.m in Sources */,
				2C3987CA1C5F4B9200BD64EC /* MainCollectionViewCell.m in Sources */,
			);
			runOnlyForDeploymentPostprocessing = 0;
		};
		2CC976E61C5F015900D4C1D9 /* Sources */ = {
			isa = PBXSourcesBuildPhase;
			buildActionMask = 2147483647;
			files = (
				2CC976EF1C5F015900D4C1D9 /* YouKeTests.m in Sources */,
			);
			runOnlyForDeploymentPostprocessing = 0;
		};
		2CC976F11C5F015900D4C1D9 /* Sources */ = {
			isa = PBXSourcesBuildPhase;
			buildActionMask = 2147483647;
			files = (
				2CC976FA1C5F015900D4C1D9 /* YouKeUITests.m in Sources */,
			);
			runOnlyForDeploymentPostprocessing = 0;
		};
/* End PBXSourcesBuildPhase section */

/* Begin PBXTargetDependency section */
		2CC976EC1C5F015900D4C1D9 /* PBXTargetDependency */ = {
			isa = PBXTargetDependency;
			target = 2CC976D01C5F015900D4C1D9 /* YouKe */;
			targetProxy = 2CC976EB1C5F015900D4C1D9 /* PBXContainerItemProxy */;
		};
		2CC976F71C5F015900D4C1D9 /* PBXTargetDependency */ = {
			isa = PBXTargetDependency;
			target = 2CC976D01C5F015900D4C1D9 /* YouKe */;
			targetProxy = 2CC976F61C5F015900D4C1D9 /* PBXContainerItemProxy */;
		};
/* End PBXTargetDependency section */

/* Begin PBXVariantGroup section */
		2CC976E21C5F015900D4C1D9 /* LaunchScreen.storyboard */ = {
			isa = PBXVariantGroup;
			children = (
				2CC976E31C5F015900D4C1D9 /* Base */,
			);
			name = LaunchScreen.storyboard;
			sourceTree = "<group>";
		};
/* End PBXVariantGroup section */

/* Begin XCBuildConfiguration section */
		2CC976FC1C5F015900D4C1D9 /* Debug */ = {
			isa = XCBuildConfiguration;
			buildSettings = {
				ALWAYS_SEARCH_USER_PATHS = NO;
				CLANG_CXX_LANGUAGE_STANDARD = "gnu++0x";
				CLANG_CXX_LIBRARY = "libc++";
				CLANG_ENABLE_MODULES = YES;
				CLANG_ENABLE_OBJC_ARC = YES;
				CLANG_WARN_BOOL_CONVERSION = YES;
				CLANG_WARN_CONSTANT_CONVERSION = YES;
				CLANG_WARN_DIRECT_OBJC_ISA_USAGE = YES_ERROR;
				CLANG_WARN_EMPTY_BODY = YES;
				CLANG_WARN_ENUM_CONVERSION = YES;
				CLANG_WARN_INT_CONVERSION = YES;
				CLANG_WARN_OBJC_ROOT_CLASS = YES_ERROR;
				CLANG_WARN_UNREACHABLE_CODE = YES;
				CLANG_WARN__DUPLICATE_METHOD_MATCH = YES;
				"CODE_SIGN_IDENTITY[sdk=iphoneos*]" = "iPhone Developer";
				COPY_PHASE_STRIP = NO;
				DEBUG_INFORMATION_FORMAT = dwarf;
				ENABLE_STRICT_OBJC_MSGSEND = YES;
				ENABLE_TESTABILITY = YES;
				GCC_C_LANGUAGE_STANDARD = gnu99;
				GCC_DYNAMIC_NO_PIC = NO;
				GCC_NO_COMMON_BLOCKS = YES;
				GCC_OPTIMIZATION_LEVEL = 0;
				GCC_PREPROCESSOR_DEFINITIONS = (
					"DEBUG=1",
					"$(inherited)",
				);
				GCC_WARN_64_TO_32_BIT_CONVERSION = YES;
				GCC_WARN_ABOUT_RETURN_TYPE = YES_ERROR;
				GCC_WARN_UNDECLARED_SELECTOR = YES;
				GCC_WARN_UNINITIALIZED_AUTOS = YES_AGGRESSIVE;
				GCC_WARN_UNUSED_FUNCTION = YES;
				GCC_WARN_UNUSED_VARIABLE = YES;
				IPHONEOS_DEPLOYMENT_TARGET = 9.2;
				MTL_ENABLE_DEBUG_INFO = YES;
				ONLY_ACTIVE_ARCH = YES;
				SDKROOT = iphoneos;
			};
			name = Debug;
		};
		2CC976FD1C5F015900D4C1D9 /* Release */ = {
			isa = XCBuildConfiguration;
			buildSettings = {
				ALWAYS_SEARCH_USER_PATHS = NO;
				CLANG_CXX_LANGUAGE_STANDARD = "gnu++0x";
				CLANG_CXX_LIBRARY = "libc++";
				CLANG_ENABLE_MODULES = YES;
				CLANG_ENABLE_OBJC_ARC = YES;
				CLANG_WARN_BOOL_CONVERSION = YES;
				CLANG_WARN_CONSTANT_CONVERSION = YES;
				CLANG_WARN_DIRECT_OBJC_ISA_USAGE = YES_ERROR;
				CLANG_WARN_EMPTY_BODY = YES;
				CLANG_WARN_ENUM_CONVERSION = YES;
				CLANG_WARN_INT_CONVERSION = YES;
				CLANG_WARN_OBJC_ROOT_CLASS = YES_ERROR;
				CLANG_WARN_UNREACHABLE_CODE = YES;
				CLANG_WARN__DUPLICATE_METHOD_MATCH = YES;
				"CODE_SIGN_IDENTITY[sdk=iphoneos*]" = "iPhone Developer";
				COPY_PHASE_STRIP = NO;
				DEBUG_INFORMATION_FORMAT = "dwarf-with-dsym";
				ENABLE_NS_ASSERTIONS = NO;
				ENABLE_STRICT_OBJC_MSGSEND = YES;
				GCC_C_LANGUAGE_STANDARD = gnu99;
				GCC_NO_COMMON_BLOCKS = YES;
				GCC_WARN_64_TO_32_BIT_CONVERSION = YES;
				GCC_WARN_ABOUT_RETURN_TYPE = YES_ERROR;
				GCC_WARN_UNDECLARED_SELECTOR = YES;
				GCC_WARN_UNINITIALIZED_AUTOS = YES_AGGRESSIVE;
				GCC_WARN_UNUSED_FUNCTION = YES;
				GCC_WARN_UNUSED_VARIABLE = YES;
				IPHONEOS_DEPLOYMENT_TARGET = 9.2;
				MTL_ENABLE_DEBUG_INFO = NO;
				SDKROOT = iphoneos;
				VALIDATE_PRODUCT = YES;
			};
			name = Release;
		};
		2CC976FF1C5F015900D4C1D9 /* Debug */ = {
			isa = XCBuildConfiguration;
			buildSettings = {
				ASSETCATALOG_COMPILER_APPICON_NAME = AppIcon;
				ASSETCATALOG_COMPILER_LAUNCHIMAGE_NAME = "Brand Assets";
				CODE_SIGN_IDENTITY = "iPhone Developer";
				"CODE_SIGN_IDENTITY[sdk=iphoneos*]" = "iPhone Developer";
				INFOPLIST_FILE = YouKe/Info.plist;
				IPHONEOS_DEPLOYMENT_TARGET = 7.0;
				LD_RUNPATH_SEARCH_PATHS = "$(inherited) @executable_path/Frameworks";
				PRODUCT_BUNDLE_IDENTIFIER = com.rumi.YouKe;
				PRODUCT_NAME = "$(TARGET_NAME)";
				PROVISIONING_PROFILE = "";
			};
			name = Debug;
		};
		2CC977001C5F015900D4C1D9 /* Release */ = {
			isa = XCBuildConfiguration;
			buildSettings = {
				ASSETCATALOG_COMPILER_APPICON_NAME = AppIcon;
				ASSETCATALOG_COMPILER_LAUNCHIMAGE_NAME = "Brand Assets";
				CODE_SIGN_IDENTITY = "iPhone Developer";
				"CODE_SIGN_IDENTITY[sdk=iphoneos*]" = "iPhone Developer";
				INFOPLIST_FILE = YouKe/Info.plist;
				IPHONEOS_DEPLOYMENT_TARGET = 7.0;
				LD_RUNPATH_SEARCH_PATHS = "$(inherited) @executable_path/Frameworks";
				PRODUCT_BUNDLE_IDENTIFIER = com.rumi.YouKe;
				PRODUCT_NAME = "$(TARGET_NAME)";
				PROVISIONING_PROFILE = "";
			};
			name = Release;
		};
		2CC977021C5F015900D4C1D9 /* Debug */ = {
			isa = XCBuildConfiguration;
			buildSettings = {
				BUNDLE_LOADER = "$(TEST_HOST)";
				INFOPLIST_FILE = YouKeTests/Info.plist;
				LD_RUNPATH_SEARCH_PATHS = "$(inherited) @executable_path/Frameworks @loader_path/Frameworks";
				PRODUCT_BUNDLE_IDENTIFIER = com.rumi.YouKeTests;
				PRODUCT_NAME = "$(TARGET_NAME)";
				TEST_HOST = "$(BUILT_PRODUCTS_DIR)/YouKe.app/YouKe";
			};
			name = Debug;
		};
		2CC977031C5F015900D4C1D9 /* Release */ = {
			isa = XCBuildConfiguration;
			buildSettings = {
				BUNDLE_LOADER = "$(TEST_HOST)";
				INFOPLIST_FILE = YouKeTests/Info.plist;
				LD_RUNPATH_SEARCH_PATHS = "$(inherited) @executable_path/Frameworks @loader_path/Frameworks";
				PRODUCT_BUNDLE_IDENTIFIER = com.rumi.YouKeTests;
				PRODUCT_NAME = "$(TARGET_NAME)";
				TEST_HOST = "$(BUILT_PRODUCTS_DIR)/YouKe.app/YouKe";
			};
			name = Release;
		};
		2CC977051C5F015900D4C1D9 /* Debug */ = {
			isa = XCBuildConfiguration;
			buildSettings = {
				INFOPLIST_FILE = YouKeUITests/Info.plist;
				LD_RUNPATH_SEARCH_PATHS = "$(inherited) @executable_path/Frameworks @loader_path/Frameworks";
				PRODUCT_BUNDLE_IDENTIFIER = com.rumi.YouKeUITests;
				PRODUCT_NAME = "$(TARGET_NAME)";
				TEST_TARGET_NAME = YouKe;
				USES_XCTRUNNER = YES;
			};
			name = Debug;
		};
		2CC977061C5F015900D4C1D9 /* Release */ = {
			isa = XCBuildConfiguration;
			buildSettings = {
				INFOPLIST_FILE = YouKeUITests/Info.plist;
				LD_RUNPATH_SEARCH_PATHS = "$(inherited) @executable_path/Frameworks @loader_path/Frameworks";
				PRODUCT_BUNDLE_IDENTIFIER = com.rumi.YouKeUITests;
				PRODUCT_NAME = "$(TARGET_NAME)";
				TEST_TARGET_NAME = YouKe;
				USES_XCTRUNNER = YES;
			};
			name = Release;
		};
/* End XCBuildConfiguration section */

/* Begin XCConfigurationList section */
		2CC976CC1C5F015800D4C1D9 /* Build configuration list for PBXProject "YouKe" */ = {
			isa = XCConfigurationList;
			buildConfigurations = (
				2CC976FC1C5F015900D4C1D9 /* Debug */,
				2CC976FD1C5F015900D4C1D9 /* Release */,
			);
			defaultConfigurationIsVisible = 0;
			defaultConfigurationName = Release;
		};
		2CC976FE1C5F015900D4C1D9 /* Build configuration list for PBXNativeTarget "YouKe" */ = {
			isa = XCConfigurationList;
			buildConfigurations = (
				2CC976FF1C5F015900D4C1D9 /* Debug */,
				2CC977001C5F015900D4C1D9 /* Release */,
			);
			defaultConfigurationIsVisible = 0;
			defaultConfigurationName = Release;
		};
		2CC977011C5F015900D4C1D9 /* Build configuration list for PBXNativeTarget "YouKeTests" */ = {
			isa = XCConfigurationList;
			buildConfigurations = (
				2CC977021C5F015900D4C1D9 /* Debug */,
				2CC977031C5F015900D4C1D9 /* Release */,
			);
			defaultConfigurationIsVisible = 0;
			defaultConfigurationName = Release;
		};
		2CC977041C5F015900D4C1D9 /* Build configuration list for PBXNativeTarget "YouKeUITests" */ = {
			isa = XCConfigurationList;
			buildConfigurations = (
				2CC977051C5F015900D4C1D9 /* Debug */,
				2CC977061C5F015900D4C1D9 /* Release */,
			);
			defaultConfigurationIsVisible = 0;
			defaultConfigurationName = Release;
		};
/* End XCConfigurationList section */
	};
	rootObject = 2CC976C91C5F015800D4C1D9 /* Project object */;
}
